<?xml version="1.0" encoding="utf-8"?>
<Project ToolsVersion="4.0" xmlns="http://schemas.microsoft.com/developer/msbuild/2003">
  <ItemGroup>
    <Filter Include="Source Files">
      <UniqueIdentifier>{4FC737F1-C7A5-4376-A066-2A32D752A2FF}</UniqueIdentifier>
      <Extensions>cpp;cxx;c;def</Extensions>
    </Filter>
    <Filter Include="Header Files">
      <UniqueIdentifier>{93995380-89BD-4b04-88EB-625FBE52EBFB}</UniqueIdentifier>
      <Extensions>h</Extensions>
    </Filter>
    <Filter Include="Resource Files">
      <UniqueIdentifier>{D9D6E242-F8AF-46E4-B9FD-80ECBC20BA3E}</UniqueIdentifier>
      <Extensions>qrc;*</Extensions>
      <ParseFiles>false</ParseFiles>
    </Filter>
    <Filter Include="Generated Files">
      <UniqueIdentifier>{71ED8ED8-ACB9-4CE9-BBE1-E00B30144E11}</UniqueIdentifier>
      <Extensions>moc;h;cpp</Extensions>
      <SourceControlFiles>False</SourceControlFiles>
    </Filter>
    <Filter Include="Generated Files\Debug">
      <UniqueIdentifier>{dbcf445e-7eec-4257-acc8-5b7616881e30}</UniqueIdentifier>
      <Extensions>cpp;moc</Extensions>
      <SourceControlFiles>False</SourceControlFiles>
    </Filter>
    <Filter Include="Generated Files\Release">
      <UniqueIdentifier>{71437563-c4ee-4907-af5b-b018d3f02030}</UniqueIdentifier>
      <Extensions>cpp;moc</Extensions>
      <SourceControlFiles>False</SourceControlFiles>
    </Filter>
    <Filter Include="Shaders">
      <UniqueIdentifier>{6752b692-84d2-4cf5-88be-f99c67926338}</UniqueIdentifier>
    </Filter>
    <Filter Include="Source Files\effect">
      <UniqueIdentifier>{bf73b996-68b8-49ee-9ef0-f736d7946221}</UniqueIdentifier>
    </Filter>
    <Filter Include="Source Files\technique">
      <UniqueIdentifier>{a280c661-b2db-4a12-922c-15f945d2a360}</UniqueIdentifier>
    </Filter>
    <Filter Include="Header Files\effect">
      <UniqueIdentifier>{3c29b57e-100e-4587-b133-9011757271d2}</UniqueIdentifier>
    </Filter>
    <Filter Include="Header Files\technique">
      <UniqueIdentifier>{40518536-f723-4f26-b875-9fe008aa5366}</UniqueIdentifier>
    </Filter>
    <Filter Include="Header Files\entity">
      <UniqueIdentifier>{c089e030-4a08-416e-b9cc-2b0b9888d4be}</UniqueIdentifier>
    </Filter>
    <Filter Include="Header Files\graph">
      <UniqueIdentifier>{9dbcde47-0acf-4822-8b61-804c12c8b3d6}</UniqueIdentifier>
    </Filter>
    <Filter Include="Header Files\renderable">
      <UniqueIdentifier>{f428b6c3-e3d9-4d3b-b776-78adc75904b0}</UniqueIdentifier>
    </Filter>
    <Filter Include="Header Files\scene">
      <UniqueIdentifier>{aa6376de-15cd-4e5c-a81a-b1bcdcb2bab4}</UniqueIdentifier>
    </Filter>
    <Filter Include="Source Files\entity">
      <UniqueIdentifier>{898cafc3-144f-4a54-852e-d9f3b2a97983}</UniqueIdentifier>
    </Filter>
    <Filter Include="Source Files\graph">
      <UniqueIdentifier>{f852ef96-2ccc-44e6-9f1c-2aea6fe835f3}</UniqueIdentifier>
    </Filter>
    <Filter Include="Source Files\scene">
      <UniqueIdentifier>{f159aabb-5ed0-4e79-a687-913644d216eb}</UniqueIdentifier>
    </Filter>
    <Filter Include="Source Files\renderable">
      <UniqueIdentifier>{965f7a32-612f-4bfb-819d-ac4a590bd7d0}</UniqueIdentifier>
    </Filter>
  </ItemGroup>
  <ItemGroup>
    <ClCompile Include="src\effect\downsampler.cpp">
      <Filter>Source Files\effect</Filter>
    </ClCompile>
    <ClCompile Include="src\effect\hdr.cpp">
      <Filter>Source Files\effect</Filter>
    </ClCompile>
    <ClCompile Include="src\effect\postfx.cpp">
      <Filter>Source Files\effect</Filter>
    </ClCompile>
    <ClCompile Include="src\technique\basiclightning.cpp">
      <Filter>Source Files\technique</Filter>
    </ClCompile>
    <ClCompile Include="src\technique\shadowmap.cpp">
      <Filter>Source Files\technique</Filter>
    </ClCompile>
    <ClCompile Include="src\technique\technique.cpp">
      <Filter>Source Files\technique</Filter>
    </ClCompile>
    <ClCompile Include="src\technique\skyboxtechnique.cpp">
      <Filter>Source Files\technique</Filter>
    </ClCompile>
    <ClCompile Include="src\scene\scene.cpp">
      <Filter>Source Files\scene</Filter>
    </ClCompile>
    <ClCompile Include="src\scene\colladanode.cpp">
      <Filter>Source Files\scene</Filter>
    </ClCompile>
    <ClCompile Include="src\renderable\submesh.cpp">
      <Filter>Source Files\renderable</Filter>
    </ClCompile>
    <ClCompile Include="src\renderable\cube.cpp">
      <Filter>Source Files\renderable</Filter>
    </ClCompile>
    <ClCompile Include="src\renderable\quad.cpp">
      <Filter>Source Files\renderable</Filter>
    </ClCompile>
    <ClCompile Include="src\renderable\renderable.cpp">
      <Filter>Source Files\renderable</Filter>
    </ClCompile>
    <ClCompile Include="src\graph\scenenode.cpp">
      <Filter>Source Files\graph</Filter>
    </ClCompile>
    <ClCompile Include="src\graph\node.cpp">
      <Filter>Source Files\graph</Filter>
    </ClCompile>
    <ClCompile Include="src\entity\mesh.cpp">
      <Filter>Source Files\entity</Filter>
    </ClCompile>
    <ClCompile Include="src\entity\subentity.cpp">
      <Filter>Source Files\entity</Filter>
    </ClCompile>
    <ClCompile Include="src\entity\aabb.cpp">
      <Filter>Source Files\entity</Filter>
    </ClCompile>
    <ClCompile Include="src\entity\boxprimitive.cpp">
      <Filter>Source Files\entity</Filter>
    </ClCompile>
    <ClCompile Include="src\entity\camera.cpp">
      <Filter>Source Files\entity</Filter>
    </ClCompile>
    <ClCompile Include="src\entity\entity.cpp">
      <Filter>Source Files\entity</Filter>
    </ClCompile>
    <ClCompile Include="src\entity\light.cpp">
      <Filter>Source Files\entity</Filter>
    </ClCompile>
    <ClCompile Include="src\forwardrenderer.cpp">
      <Filter>Source Files</Filter>
    </ClCompile>
    <ClCompile Include="src\entity\frustum.cpp">
      <Filter>Source Files\entity</Filter>
    </ClCompile>
    <ClCompile Include="src\debugrenderer.cpp">
      <Filter>Source Files</Filter>
    </ClCompile>
    <ClCompile Include="src\renderqueue.cpp">
      <Filter>Source Files</Filter>
    </ClCompile>
  </ItemGroup>
  <ItemGroup>
    <None Include="shaders\passthrough.vert">
      <Filter>Shaders</Filter>
    </None>
    <None Include="shaders\tone.frag">
      <Filter>Shaders</Filter>
    </None>
    <None Include="shaders\blur.frag">
      <Filter>Shaders</Filter>
    </None>
    <None Include="shaders\highpass.frag">
      <Filter>Shaders</Filter>
    </None>
    <None Include="shaders\null.frag">
      <Filter>Shaders</Filter>
    </None>
    <None Include="shaders\basiclightning.frag">
      <Filter>Shaders</Filter>
    </None>
    <None Include="shaders\basiclightning.vert">
      <Filter>Shaders</Filter>
    </None>
    <None Include="shaders\shadowmap.vert">
      <Filter>Shaders</Filter>
    </None>
    <None Include="shaders\shadowmap.frag">
      <Filter>Shaders</Filter>
    </None>
    <None Include="shaders\skybox.vert">
      <Filter>Shaders</Filter>
    </None>
    <None Include="shaders\skybox.frag">
      <Filter>Shaders</Filter>
    </None>
    <None Include="shaders\aabb.frag">
      <Filter>Shaders</Filter>
    </None>
    <None Include="shaders\aabb.vert">
      <Filter>Shaders</Filter>
    </None>
    <None Include="shaders\wireframe.frag">
      <Filter>Shaders</Filter>
    </None>
    <None Include="shaders\wireframe.vert">
      <Filter>Shaders</Filter>
    </None>
  </ItemGroup>
  <ItemGroup>
    <ClInclude Include="src\effect\downsampler.h">
      <Filter>Header Files\effect</Filter>
    </ClInclude>
    <ClInclude Include="src\effect\hdr.h">
      <Filter>Header Files\effect</Filter>
    </ClInclude>
    <ClInclude Include="src\effect\postfx.h">
      <Filter>Header Files\effect</Filter>
    </ClInclude>
    <ClInclude Include="src\technique\basiclightning.h">
      <Filter>Header Files\technique</Filter>
    </ClInclude>
    <ClInclude Include="src\technique\shadowmap.h">
      <Filter>Header Files\technique</Filter>
    </ClInclude>
    <ClInclude Include="src\technique\skyboxtechnique.h">
      <Filter>Header Files\technique</Filter>
    </ClInclude>
    <ClInclude Include="src\scene\colladanode.h">
      <Filter>Header Files\scene</Filter>
    </ClInclude>
    <ClInclude Include="src\scene\scene.h">
      <Filter>Header Files\scene</Filter>
    </ClInclude>
    <ClInclude Include="src\renderable\submesh.h">
      <Filter>Header Files\renderable</Filter>
    </ClInclude>
    <ClInclude Include="src\renderable\cube.h">
      <Filter>Header Files\renderable</Filter>
    </ClInclude>
    <ClInclude Include="src\renderable\quad.h">
      <Filter>Header Files\renderable</Filter>
    </ClInclude>
    <ClInclude Include="src\renderable\renderable.h">
      <Filter>Header Files\renderable</Filter>
    </ClInclude>
    <ClInclude Include="src\graph\node.h">
      <Filter>Header Files\graph</Filter>
    </ClInclude>
    <ClInclude Include="src\graph\scenenode.h">
      <Filter>Header Files\graph</Filter>
    </ClInclude>
    <ClInclude Include="src\entity\aabb.h">
      <Filter>Header Files\entity</Filter>
    </ClInclude>
    <ClInclude Include="src\entity\boxprimitive.h">
      <Filter>Header Files\entity</Filter>
    </ClInclude>
    <ClInclude Include="src\entity\camera.h">
      <Filter>Header Files\entity</Filter>
    </ClInclude>
    <ClInclude Include="src\entity\entity.h">
      <Filter>Header Files\entity</Filter>
    </ClInclude>
    <ClInclude Include="src\entity\light.h">
      <Filter>Header Files\entity</Filter>
    </ClInclude>
    <ClInclude Include="src\entity\mesh.h">
      <Filter>Header Files\entity</Filter>
    </ClInclude>
    <ClInclude Include="src\entity\subentity.h">
      <Filter>Header Files\entity</Filter>
    </ClInclude>
    <ClInclude Include="src\forwardrenderer.h">
      <Filter>Header Files</Filter>
    </ClInclude>
    <ClInclude Include="src\renderer.h">
      <Filter>Header Files</Filter>
    </ClInclude>
    <ClInclude Include="src\scene\visiblescene.h">
      <Filter>Header Files\scene</Filter>
    </ClInclude>
    <ClInclude Include="src\scene\scenemodel.h">
      <Filter>Header Files\scene</Filter>
    </ClInclude>
    <ClInclude Include="src\entity\frustum.h">
      <Filter>Header Files\entity</Filter>
    </ClInclude>
    <ClInclude Include="src\scene\scenecontroller.h">
      <Filter>Header Files\scene</Filter>
    </ClInclude>
    <ClInclude Include="src\scene\sceneobserver.h">
      <Filter>Header Files\scene</Filter>
    </ClInclude>
    <ClInclude Include="src\debugrenderer.h">
      <Filter>Header Files</Filter>
    </ClInclude>
    <ClInclude Include="src\renderqueue.h">
      <Filter>Header Files</Filter>
    </ClInclude>
  </ItemGroup>
  <ItemGroup>
    <Image Include="images\white.png">
      <Filter>Resource Files</Filter>
    </Image>
    <Image Include="images\pink.png">
      <Filter>Resource Files</Filter>
    </Image>
  </ItemGroup>
  <ItemGroup>
    <CustomBuild Include="src\technique\technique.h">
      <Filter>Header Files\technique</Filter>
    </CustomBuild>
  </ItemGroup>
</Project>