<?xml version="1.0" encoding="utf-8"?>
<Project ToolsVersion="4.0" xmlns="http://schemas.microsoft.com/developer/msbuild/2003">
  <ItemGroup>
    <Filter Include="Source Files">
      <UniqueIdentifier>{4FC737F1-C7A5-4376-A066-2A32D752A2FF}</UniqueIdentifier>
      <Extensions>cpp;cxx;c;def</Extensions>
    </Filter>
    <Filter Include="Header Files">
      <UniqueIdentifier>{93995380-89BD-4b04-88EB-625FBE52EBFB}</UniqueIdentifier>
      <Extensions>h</Extensions>
    </Filter>
    <Filter Include="Generated Files">
      <UniqueIdentifier>{71ED8ED8-ACB9-4CE9-BBE1-E00B30144E11}</UniqueIdentifier>
      <Extensions>moc;h;cpp</Extensions>
      <SourceControlFiles>False</SourceControlFiles>
    </Filter>
    <Filter Include="Header Files\texture">
      <UniqueIdentifier>{ddd49cb4-8681-4575-8aa4-85a07cde2e7d}</UniqueIdentifier>
    </Filter>
    <Filter Include="Header Files\shader">
      <UniqueIdentifier>{ec1b6b8a-ee4a-4fb2-a16b-6ea593bc84ba}</UniqueIdentifier>
    </Filter>
    <Filter Include="Source Files\texture">
      <UniqueIdentifier>{7cd1caec-7327-4f31-ad4d-d8fd04e47a75}</UniqueIdentifier>
    </Filter>
    <Filter Include="Source Files\shader">
      <UniqueIdentifier>{c7382023-9a44-4b57-981a-8dde4a8e2152}</UniqueIdentifier>
    </Filter>
    <Filter Include="Generated Files\Debug">
      <UniqueIdentifier>{6fb31edc-b2a3-4cc8-b641-2d239692bbfe}</UniqueIdentifier>
      <Extensions>cpp;moc</Extensions>
      <SourceControlFiles>False</SourceControlFiles>
    </Filter>
    <Filter Include="Generated Files\Release">
      <UniqueIdentifier>{667daaac-405e-407b-a1e0-6f4f35909259}</UniqueIdentifier>
      <Extensions>cpp;moc</Extensions>
      <SourceControlFiles>False</SourceControlFiles>
    </Filter>
  </ItemGroup>
  <ItemGroup>
    <ClInclude Include="src\texture2d.h">
      <Filter>Header Files\texture</Filter>
    </ClInclude>
    <ClInclude Include="src\cubemaptexture.h">
      <Filter>Header Files\texture</Filter>
    </ClInclude>
    <ClInclude Include="src\shader.h">
      <Filter>Header Files\shader</Filter>
    </ClInclude>
    <ClInclude Include="src\texture.h">
      <Filter>Header Files\texture</Filter>
    </ClInclude>
    <ClInclude Include="src\material.h">
      <Filter>Header Files</Filter>
    </ClInclude>
    <ClInclude Include="src\texture2dresource.h">
      <Filter>Header Files\texture</Filter>
    </ClInclude>
    <ClInclude Include="src\textureloader.h">
      <Filter>Header Files\texture</Filter>
    </ClInclude>
    <ClInclude Include="src\cubemapresource.h">
      <Filter>Header Files\texture</Filter>
    </ClInclude>
    <ClInclude Include="src\resourcedata.h">
      <Filter>Header Files</Filter>
    </ClInclude>
  </ItemGroup>
  <ItemGroup>
    <ClCompile Include="src\cubemaptexture.cpp">
      <Filter>Source Files\texture</Filter>
    </ClCompile>
    <ClCompile Include="src\texture2d.cpp">
      <Filter>Source Files\texture</Filter>
    </ClCompile>
    <ClCompile Include="src\shader.cpp">
      <Filter>Source Files\shader</Filter>
    </ClCompile>
    <ClCompile Include="src\shaderprogram.cpp">
      <Filter>Source Files\shader</Filter>
    </ClCompile>
    <ClCompile Include="GeneratedFiles\Debug\moc_shaderprogram.cpp">
      <Filter>Generated Files\Debug</Filter>
    </ClCompile>
    <ClCompile Include="GeneratedFiles\Release\moc_shaderprogram.cpp">
      <Filter>Generated Files\Release</Filter>
    </ClCompile>
    <ClCompile Include="GeneratedFiles\Debug\moc_resourceloader.cpp">
      <Filter>Generated Files\Debug</Filter>
    </ClCompile>
    <ClCompile Include="GeneratedFiles\Release\moc_resourceloader.cpp">
      <Filter>Generated Files\Release</Filter>
    </ClCompile>
    <ClCompile Include="GeneratedFiles\Debug\moc_resourcedespatcher.cpp">
      <Filter>Generated Files\Debug</Filter>
    </ClCompile>
    <ClCompile Include="GeneratedFiles\Release\moc_resourcedespatcher.cpp">
      <Filter>Generated Files\Release</Filter>
    </ClCompile>
    <ClCompile Include="src\resourceloader.cpp">
      <Filter>Source Files</Filter>
    </ClCompile>
    <ClCompile Include="src\material.cpp">
      <Filter>Source Files</Filter>
    </ClCompile>
    <ClCompile Include="src\texture2dresource.cpp">
      <Filter>Source Files\texture</Filter>
    </ClCompile>
    <ClCompile Include="src\textureloader.cpp">
      <Filter>Source Files\texture</Filter>
    </ClCompile>
    <ClCompile Include="src\cubemapresource.cpp">
      <Filter>Source Files\texture</Filter>
    </ClCompile>
    <ClCompile Include="GeneratedFiles\Debug\moc_resourcebase.cpp">
      <Filter>Generated Files\Debug</Filter>
    </ClCompile>
    <ClCompile Include="GeneratedFiles\Release\moc_resourcebase.cpp">
      <Filter>Generated Files\Release</Filter>
    </ClCompile>
    <ClCompile Include="src\resourcebase.cpp">
      <Filter>Source Files</Filter>
    </ClCompile>
    <ClCompile Include="src\resourcedata.cpp">
      <Filter>Source Files\texture</Filter>
    </ClCompile>
    <ClCompile Include="GeneratedFiles\Debug\moc_weakresourcedespatcher.cpp">
      <Filter>Generated Files\Debug</Filter>
    </ClCompile>
    <ClCompile Include="GeneratedFiles\Release\moc_weakresourcedespatcher.cpp">
      <Filter>Generated Files\Release</Filter>
    </ClCompile>
    <ClCompile Include="src\weakresourcedespatcher.cpp">
      <Filter>Source Files</Filter>
    </ClCompile>
  </ItemGroup>
  <ItemGroup>
    <None Include="src\texture.inl">
      <Filter>Source Files\texture</Filter>
    </None>
    <None Include="src\resource.inl">
      <Filter>Source Files</Filter>
    </None>
    <None Include="src\resourcedespatcher.inl">
      <Filter>Source Files</Filter>
    </None>
  </ItemGroup>
  <ItemGroup>
    <CustomBuild Include="src\shaderprogram.h">
      <Filter>Header Files\shader</Filter>
    </CustomBuild>
    <CustomBuild Include="src\resourceloader.h">
      <Filter>Header Files</Filter>
    </CustomBuild>
    <CustomBuild Include="src\resource.h">
      <Filter>Header Files</Filter>
    </CustomBuild>
    <CustomBuild Include="src\resourcedespatcher.h">
      <Filter>Header Files</Filter>
    </CustomBuild>
    <CustomBuild Include="src\resourcebase.h">
      <Filter>Header Files</Filter>
    </CustomBuild>
    <CustomBuild Include="src\weakresourcedespatcher.h">
      <Filter>Header Files</Filter>
    </CustomBuild>
  </ItemGroup>
</Project>