<?xml version="1.0" encoding="utf-8"?>
<Project ToolsVersion="4.0" xmlns="http://schemas.microsoft.com/developer/msbuild/2003">
  <ItemGroup>
    <Filter Include="Source Files">
      <UniqueIdentifier>{4FC737F1-C7A5-4376-A066-2A32D752A2FF}</UniqueIdentifier>
      <Extensions>cpp;cxx;c;def</Extensions>
    </Filter>
    <Filter Include="Header Files">
      <UniqueIdentifier>{93995380-89BD-4b04-88EB-625FBE52EBFB}</UniqueIdentifier>
      <Extensions>h</Extensions>
    </Filter>
    <Filter Include="Generated Files">
      <UniqueIdentifier>{71ED8ED8-ACB9-4CE9-BBE1-E00B30144E11}</UniqueIdentifier>
      <Extensions>moc;h;cpp</Extensions>
      <SourceControlFiles>False</SourceControlFiles>
    </Filter>
    <Filter Include="Source Files\entity">
      <UniqueIdentifier>{d2b9faa6-31e2-4d05-a2c6-cb5f4ca8c7d0}</UniqueIdentifier>
    </Filter>
    <Filter Include="Source Files\graph">
      <UniqueIdentifier>{c4f353cf-09b3-4d1e-ba49-8398000b266e}</UniqueIdentifier>
    </Filter>
    <Filter Include="Source Files\renderable">
      <UniqueIdentifier>{9ca8f876-7300-4d64-b868-d197910656a6}</UniqueIdentifier>
    </Filter>
    <Filter Include="Header Files\entity">
      <UniqueIdentifier>{7e2f9a69-8d95-4ad6-a151-42c8ba4621c1}</UniqueIdentifier>
    </Filter>
    <Filter Include="Header Files\graph">
      <UniqueIdentifier>{434078c1-6cd6-4cc4-ac18-e6bb970984fa}</UniqueIdentifier>
    </Filter>
    <Filter Include="Header Files\renderable">
      <UniqueIdentifier>{7c547f11-9976-4692-9819-034b3b46a05b}</UniqueIdentifier>
    </Filter>
  </ItemGroup>
  <ItemGroup>
    <ClCompile Include="src\abstractscene.cpp">
      <Filter>Source Files</Filter>
    </ClCompile>
    <ClCompile Include="src\entity\mesh.cpp">
      <Filter>Source Files\entity</Filter>
    </ClCompile>
    <ClCompile Include="src\entity\aabb.cpp">
      <Filter>Source Files\entity</Filter>
    </ClCompile>
    <ClCompile Include="src\entity\boxprimitive.cpp">
      <Filter>Source Files\entity</Filter>
    </ClCompile>
    <ClCompile Include="src\entity\camera.cpp">
      <Filter>Source Files\entity</Filter>
    </ClCompile>
    <ClCompile Include="src\entity\entity.cpp">
      <Filter>Source Files\entity</Filter>
    </ClCompile>
    <ClCompile Include="src\graph\scenenode.cpp">
      <Filter>Source Files\graph</Filter>
    </ClCompile>
    <ClCompile Include="src\graph\node.cpp">
      <Filter>Source Files\graph</Filter>
    </ClCompile>
    <ClCompile Include="src\renderable\submesh.cpp">
      <Filter>Source Files\renderable</Filter>
    </ClCompile>
    <ClCompile Include="src\renderable\cube.cpp">
      <Filter>Source Files\renderable</Filter>
    </ClCompile>
    <ClCompile Include="src\renderable\quad.cpp">
      <Filter>Source Files\renderable</Filter>
    </ClCompile>
    <ClCompile Include="src\renderable\renderable.cpp">
      <Filter>Source Files\renderable</Filter>
    </ClCompile>
    <ClCompile Include="src\colladanode.cpp">
      <Filter>Source Files</Filter>
    </ClCompile>
  </ItemGroup>
  <ItemGroup>
    <ClInclude Include="src\abstractscene.h">
      <Filter>Header Files</Filter>
    </ClInclude>
    <ClInclude Include="src\entity\aabb.h">
      <Filter>Header Files\entity</Filter>
    </ClInclude>
    <ClInclude Include="src\entity\boxprimitive.h">
      <Filter>Header Files\entity</Filter>
    </ClInclude>
    <ClInclude Include="src\entity\camera.h">
      <Filter>Header Files\entity</Filter>
    </ClInclude>
    <ClInclude Include="src\entity\entity.h">
      <Filter>Header Files\entity</Filter>
    </ClInclude>
    <ClInclude Include="src\entity\light.h">
      <Filter>Header Files\entity</Filter>
    </ClInclude>
    <ClInclude Include="src\entity\mesh.h">
      <Filter>Header Files\entity</Filter>
    </ClInclude>
    <ClInclude Include="src\graph\scenenode.h">
      <Filter>Header Files\graph</Filter>
    </ClInclude>
    <ClInclude Include="src\graph\node.h">
      <Filter>Header Files\graph</Filter>
    </ClInclude>
    <ClInclude Include="src\renderable\cube.h">
      <Filter>Header Files\renderable</Filter>
    </ClInclude>
    <ClInclude Include="src\renderable\quad.h">
      <Filter>Header Files\renderable</Filter>
    </ClInclude>
    <ClInclude Include="src\renderable\renderable.h">
      <Filter>Header Files\renderable</Filter>
    </ClInclude>
    <ClInclude Include="src\renderable\submesh.h">
      <Filter>Header Files\renderable</Filter>
    </ClInclude>
    <ClInclude Include="src\colladanode.h">
      <Filter>Header Files</Filter>
    </ClInclude>
  </ItemGroup>
</Project>